
Microsoft Visual Studio Solution File, Format Version 12.00
# Visual Studio Version 17
VisualStudioVersion = 17.1.32421.90
MinimumVisualStudioVersion = 10.0.40219.1
Project("{778DAE3C-4631-46EA-AA77-85C1314464D9}") = "AGameInVbNetAboutStartingAtTheEnd", "AGameInVbNetAboutStartingAtTheEnd\AGameInVbNetAboutStartingAtTheEnd.vbproj", "{A0BB744E-7716-45C4-9D63-3EEBD4CF6DC2}"
EndProject
Project("{2150E333-8FDC-42A3-9474-1A3956D46DE8}") = "Stuff", "Stuff", "{42D35E5B-8ED2-4CE5-A76D-3E8120ACECA2}"
	ProjectSection(SolutionItems) = preProject
		README.md = README.md
		shippit.sh = shippit.sh
	EndProjectSection
EndProject
Project("{778DAE3C-4631-46EA-AA77-85C1314464D9}") = "SPLORR.Data", "SPLORR.Data\SPLORR.Data.vbproj", "{65D14E2F-1058-4F84-9D7D-433DC10E6D11}"
EndProject
Project("{2150E333-8FDC-42A3-9474-1A3956D46DE8}") = "Common", "Common", "{3D23FB71-3D14-4B79-A965-5541D12D81B8}"
EndProject
Project("{778DAE3C-4631-46EA-AA77-85C1314464D9}") = "AGIVNASATE.Game", "AGIVNASATE.Game\AGIVNASATE.Game.vbproj", "{1FB9439A-FE65-470F-A8AC-6808D0D3B1FD}"
EndProject
Project("{778DAE3C-4631-46EA-AA77-85C1314464D9}") = "AGIVNASATE.Data", "AGIVNASATE.Data\AGIVNASATE.Data.vbproj", "{B1D08D31-D150-4934-83B0-3D8B123AC1F0}"
EndProject
Project("{778DAE3C-4631-46EA-AA77-85C1314464D9}") = "AGIVNASATE.Data.Tests", "AGIVNASATE.Data.Tests\AGIVNASATE.Data.Tests.vbproj", "{63947C83-B9CC-4828-90B4-9095F1A41E29}"
EndProject
Project("{2150E333-8FDC-42A3-9474-1A3956D46DE8}") = "Tests", "Tests", "{AE9FD559-449D-4C8E-99BD-B6BD4CDAB7E6}"
EndProject
Global
	GlobalSection(SolutionConfigurationPlatforms) = preSolution
		Debug|Any CPU = Debug|Any CPU
		Release|Any CPU = Release|Any CPU
	EndGlobalSection
	GlobalSection(ProjectConfigurationPlatforms) = postSolution
		{A0BB744E-7716-45C4-9D63-3EEBD4CF6DC2}.Debug|Any CPU.ActiveCfg = Debug|Any CPU
		{A0BB744E-7716-45C4-9D63-3EEBD4CF6DC2}.Debug|Any CPU.Build.0 = Debug|Any CPU
		{A0BB744E-7716-45C4-9D63-3EEBD4CF6DC2}.Release|Any CPU.ActiveCfg = Release|Any CPU
		{A0BB744E-7716-45C4-9D63-3EEBD4CF6DC2}.Release|Any CPU.Build.0 = Release|Any CPU
		{65D14E2F-1058-4F84-9D7D-433DC10E6D11}.Debug|Any CPU.ActiveCfg = Debug|Any CPU
		{65D14E2F-1058-4F84-9D7D-433DC10E6D11}.Debug|Any CPU.Build.0 = Debug|Any CPU
		{65D14E2F-1058-4F84-9D7D-433DC10E6D11}.Release|Any CPU.ActiveCfg = Release|Any CPU
		{65D14E2F-1058-4F84-9D7D-433DC10E6D11}.Release|Any CPU.Build.0 = Release|Any CPU
		{1FB9439A-FE65-470F-A8AC-6808D0D3B1FD}.Debug|Any CPU.ActiveCfg = Debug|Any CPU
		{1FB9439A-FE65-470F-A8AC-6808D0D3B1FD}.Debug|Any CPU.Build.0 = Debug|Any CPU
		{1FB9439A-FE65-470F-A8AC-6808D0D3B1FD}.Release|Any CPU.ActiveCfg = Release|Any CPU
		{1FB9439A-FE65-470F-A8AC-6808D0D3B1FD}.Release|Any CPU.Build.0 = Release|Any CPU
		{B1D08D31-D150-4934-83B0-3D8B123AC1F0}.Debug|Any CPU.ActiveCfg = Debug|Any CPU
		{B1D08D31-D150-4934-83B0-3D8B123AC1F0}.Debug|Any CPU.Build.0 = Debug|Any CPU
		{B1D08D31-D150-4934-83B0-3D8B123AC1F0}.Release|Any CPU.ActiveCfg = Release|Any CPU
		{B1D08D31-D150-4934-83B0-3D8B123AC1F0}.Release|Any CPU.Build.0 = Release|Any CPU
		{63947C83-B9CC-4828-90B4-9095F1A41E29}.Debug|Any CPU.ActiveCfg = Debug|Any CPU
		{63947C83-B9CC-4828-90B4-9095F1A41E29}.Debug|Any CPU.Build.0 = Debug|Any CPU
		{63947C83-B9CC-4828-90B4-9095F1A41E29}.Release|Any CPU.ActiveCfg = Release|Any CPU
		{63947C83-B9CC-4828-90B4-9095F1A41E29}.Release|Any CPU.Build.0 = Release|Any CPU
	EndGlobalSection
	GlobalSection(SolutionProperties) = preSolution
		HideSolutionNode = FALSE
	EndGlobalSection
	GlobalSection(NestedProjects) = preSolution
		{65D14E2F-1058-4F84-9D7D-433DC10E6D11} = {3D23FB71-3D14-4B79-A965-5541D12D81B8}
		{63947C83-B9CC-4828-90B4-9095F1A41E29} = {AE9FD559-449D-4C8E-99BD-B6BD4CDAB7E6}
	EndGlobalSection
	GlobalSection(ExtensibilityGlobals) = postSolution
		SolutionGuid = {E383001E-78DA-4DC7-A60B-23E6D5010BC9}
	EndGlobalSection
EndGlobal
